
Microsoft Visual Studio Solution File, Format Version 12.00
# Visual Studio Version 17
VisualStudioVersion = 17.7.34221.43
MinimumVisualStudioVersion = 10.0.40219.1
Project("{FAE04EC0-301F-11D3-BF4B-00C04F79EFBC}") = "Assignment10", "Assignment10\Assignment10.csproj", "{AE627D3D-11A3-43EC-B0BB-13BC60A85074}"
EndProject
Global
	GlobalSection(SolutionConfigurationPlatforms) = preSolution
		Debug|Any CPU = Debug|Any CPU
		Release|Any CPU = Release|Any CPU
	EndGlobalSection
	GlobalSection(ProjectConfigurationPlatforms) = postSolution
		{AE627D3D-11A3-43EC-B0BB-13BC60A85074}.Debug|Any CPU.ActiveCfg = Debug|Any CPU
		{AE627D3D-11A3-43EC-B0BB-13BC60A85074}.Debug|Any CPU.Build.0 = Debug|Any CPU
		{AE627D3D-11A3-43EC-B0BB-13BC60A85074}.Release|Any CPU.ActiveCfg = Release|Any CPU
		{AE627D3D-11A3-43EC-B0BB-13BC60A85074}.Release|Any CPU.Build.0 = Release|Any CPU
	EndGlobalSection
	GlobalSection(SolutionProperties) = preSolution
		HideSolutionNode = FALSE
	EndGlobalSection
	GlobalSection(ExtensibilityGlobals) = postSolution
		SolutionGuid = {FC6782D8-91D9-4164-B0D1-176735BC2AD7}
	EndGlobalSection
EndGlobal
